
Microsoft Visual Studio Solution File, Format Version 12.00
# Visual Studio Version 17
VisualStudioVersion = 17.3.32929.385
MinimumVisualStudioVersion = 10.0.40219.1
Project("{9A19103F-16F7-4668-BE54-9A1E7A4F7556}") = "ApiCep", "ApiCep\ApiCep.csproj", "{5892B957-FBC9-4315-96C1-B2DFB4A3B7FC}"
EndProject
Global
	GlobalSection(SolutionConfigurationPlatforms) = preSolution
		Debug|Any CPU = Debug|Any CPU
		Release|Any CPU = Release|Any CPU
	EndGlobalSection
	GlobalSection(ProjectConfigurationPlatforms) = postSolution
		{5892B957-FBC9-4315-96C1-B2DFB4A3B7FC}.Debug|Any CPU.ActiveCfg = Debug|Any CPU
		{5892B957-FBC9-4315-96C1-B2DFB4A3B7FC}.Debug|Any CPU.Build.0 = Debug|Any CPU
		{5892B957-FBC9-4315-96C1-B2DFB4A3B7FC}.Release|Any CPU.ActiveCfg = Release|Any CPU
		{5892B957-FBC9-4315-96C1-B2DFB4A3B7FC}.Release|Any CPU.Build.0 = Release|Any CPU
	EndGlobalSection
	GlobalSection(SolutionProperties) = preSolution
		HideSolutionNode = FALSE
	EndGlobalSection
	GlobalSection(ExtensibilityGlobals) = postSolution
		SolutionGuid = {4B2F9907-7464-4BB3-804E-31C9696924FD}
	EndGlobalSection
EndGlobal
